// !$*UTF8*$!
{
	archiveVersion = 1;
	classes = {
	};
	objectVersion = 46;
	objects = {

/* Begin PBXBuildFile section */
		A3900DF21BC1C2CD00B917AD /* fetch.js in Resources */ = {isa = PBXBuildFile; fileRef = A3900DF11BC1C2CD00B917AD /* fetch.js */; settings = {ASSET_TAGS = (); }; };
		A3900DF51BC1EC7C00B917AD /* ImageSaver.m in Sources */ = {isa = PBXBuildFile; fileRef = A3900DF41BC1EC7C00B917AD /* ImageSaver.m */; settings = {ASSET_TAGS = (); }; };
		A3B233271BC131C700D8B50F /* main.m in Sources */ = {isa = PBXBuildFile; fileRef = A3B233261BC131C700D8B50F /* main.m */; };
		A3B2332A1BC131C700D8B50F /* AppDelegate.m in Sources */ = {isa = PBXBuildFile; fileRef = A3B233291BC131C700D8B50F /* AppDelegate.m */; };
		A3B2332D1BC131C700D8B50F /* BanciBanjir.xcdatamodeld in Sources */ = {isa = PBXBuildFile; fileRef = A3B2332B1BC131C700D8B50F /* BanciBanjir.xcdatamodeld */; };
		A3B233301BC131C700D8B50F /* MasterViewController.m in Sources */ = {isa = PBXBuildFile; fileRef = A3B2332F1BC131C700D8B50F /* MasterViewController.m */; };
		A3B233331BC131C700D8B50F /* DetailViewController.m in Sources */ = {isa = PBXBuildFile; fileRef = A3B233321BC131C700D8B50F /* DetailViewController.m */; };
		A3B233361BC131C700D8B50F /* Main.storyboard in Resources */ = {isa = PBXBuildFile; fileRef = A3B233341BC131C700D8B50F /* Main.storyboard */; };
		A3B233381BC131C700D8B50F /* Assets.xcassets in Resources */ = {isa = PBXBuildFile; fileRef = A3B233371BC131C700D8B50F /* Assets.xcassets */; };
		A3B2333B1BC131C700D8B50F /* LaunchScreen.storyboard in Resources */ = {isa = PBXBuildFile; fileRef = A3B233391BC131C700D8B50F /* LaunchScreen.storyboard */; };
		A3B233441BC139E400D8B50F /* DataInputVC.m in Sources */ = {isa = PBXBuildFile; fileRef = A3B233431BC139E400D8B50F /* DataInputVC.m */; settings = {ASSET_TAGS = (); }; };
		A3B233491BC1421500D8B50F /* Event+CoreDataProperties.m in Sources */ = {isa = PBXBuildFile; fileRef = A3B233461BC1421500D8B50F /* Event+CoreDataProperties.m */; settings = {ASSET_TAGS = (); }; };
		A3B2334A1BC1421500D8B50F /* Event.m in Sources */ = {isa = PBXBuildFile; fileRef = A3B233481BC1421500D8B50F /* Event.m */; settings = {ASSET_TAGS = (); }; };
		A3B233841BC1966200D8B50F /* CoreDataAccess.m in Sources */ = {isa = PBXBuildFile; fileRef = A3B233831BC1966200D8B50F /* CoreDataAccess.m */; settings = {ASSET_TAGS = (); }; };
		A3B2338D1BC1968A00D8B50F /* BanciKit.h in Headers */ = {isa = PBXBuildFile; fileRef = A3B2338C1BC1968A00D8B50F /* BanciKit.h */; settings = {ATTRIBUTES = (Public, ); }; };
		A3B233911BC1968A00D8B50F /* BanciKit.framework in Frameworks */ = {isa = PBXBuildFile; fileRef = A3B2338A1BC1968A00D8B50F /* BanciKit.framework */; };
		A3B233921BC1968A00D8B50F /* BanciKit.framework in Embed Frameworks */ = {isa = PBXBuildFile; fileRef = A3B2338A1BC1968A00D8B50F /* BanciKit.framework */; settings = {ATTRIBUTES = (CodeSignOnCopy, RemoveHeadersOnCopy, ); }; };
		A3B233961BC196A000D8B50F /* CoreDataAccess.h in Headers */ = {isa = PBXBuildFile; fileRef = A3B233821BC1966200D8B50F /* CoreDataAccess.h */; settings = {ATTRIBUTES = (Public, ); }; };
		A3B2339A1BC19F2600D8B50F /* HTML in Resources */ = {isa = PBXBuildFile; fileRef = A3B233991BC19F2600D8B50F /* HTML */; settings = {ASSET_TAGS = (); }; };
/* End PBXBuildFile section */

/* Begin PBXContainerItemProxy section */
		A3B2338F1BC1968A00D8B50F /* PBXContainerItemProxy */ = {
			isa = PBXContainerItemProxy;
			containerPortal = A3B2331A1BC131C700D8B50F /* Project object */;
			proxyType = 1;
			remoteGlobalIDString = A3B233891BC1968A00D8B50F;
			remoteInfo = BanciKit;
		};
/* End PBXContainerItemProxy section */

/* Begin PBXCopyFilesBuildPhase section */
		A3B2337D1BC1936E00D8B50F /* Embed Frameworks */ = {
			isa = PBXCopyFilesBuildPhase;
			buildActionMask = 2147483647;
			dstPath = "";
			dstSubfolderSpec = 10;
			files = (
				A3B233921BC1968A00D8B50F /* BanciKit.framework in Embed Frameworks */,
			);
			name = "Embed Frameworks";
			runOnlyForDeploymentPostprocessing = 0;
		};
/* End PBXCopyFilesBuildPhase section */

/* Begin PBXFileReference section */
		A3900DF11BC1C2CD00B917AD /* fetch.js */ = {isa = PBXFileReference; fileEncoding = 4; lastKnownFileType = sourcecode.javascript; path = fetch.js; sourceTree = "<group>"; };
		A3900DF31BC1EC7C00B917AD /* ImageSaver.h */ = {isa = PBXFileReference; fileEncoding = 4; lastKnownFileType = sourcecode.c.h; path = ImageSaver.h; sourceTree = "<group>"; };
		A3900DF41BC1EC7C00B917AD /* ImageSaver.m */ = {isa = PBXFileReference; fileEncoding = 4; lastKnownFileType = sourcecode.c.objc; path = ImageSaver.m; sourceTree = "<group>"; };
		A3B233221BC131C700D8B50F /* BanciBanjir.app */ = {isa = PBXFileReference; explicitFileType = wrapper.application; includeInIndex = 0; path = BanciBanjir.app; sourceTree = BUILT_PRODUCTS_DIR; };
		A3B233261BC131C700D8B50F /* main.m */ = {isa = PBXFileReference; lastKnownFileType = sourcecode.c.objc; path = main.m; sourceTree = "<group>"; };
		A3B233281BC131C700D8B50F /* AppDelegate.h */ = {isa = PBXFileReference; lastKnownFileType = sourcecode.c.h; path = AppDelegate.h; sourceTree = "<group>"; };
		A3B233291BC131C700D8B50F /* AppDelegate.m */ = {isa = PBXFileReference; lastKnownFileType = sourcecode.c.objc; path = AppDelegate.m; sourceTree = "<group>"; };
		A3B2332C1BC131C700D8B50F /* BanciBanjir.xcdatamodel */ = {isa = PBXFileReference; lastKnownFileType = wrapper.xcdatamodel; path = BanciBanjir.xcdatamodel; sourceTree = "<group>"; };
		A3B2332E1BC131C700D8B50F /* MasterViewController.h */ = {isa = PBXFileReference; lastKnownFileType = sourcecode.c.h; path = MasterViewController.h; sourceTree = "<group>"; };
		A3B2332F1BC131C700D8B50F /* MasterViewController.m */ = {isa = PBXFileReference; lastKnownFileType = sourcecode.c.objc; path = MasterViewController.m; sourceTree = "<group>"; };
		A3B233311BC131C700D8B50F /* DetailViewController.h */ = {isa = PBXFileReference; lastKnownFileType = sourcecode.c.h; path = DetailViewController.h; sourceTree = "<group>"; };
		A3B233321BC131C700D8B50F /* DetailViewController.m */ = {isa = PBXFileReference; lastKnownFileType = sourcecode.c.objc; path = DetailViewController.m; sourceTree = "<group>"; };
		A3B233351BC131C700D8B50F /* Base */ = {isa = PBXFileReference; lastKnownFileType = file.storyboard; name = Base; path = Base.lproj/Main.storyboard; sourceTree = "<group>"; };
		A3B233371BC131C700D8B50F /* Assets.xcassets */ = {isa = PBXFileReference; lastKnownFileType = folder.assetcatalog; path = Assets.xcassets; sourceTree = "<group>"; };
		A3B2333A1BC131C700D8B50F /* Base */ = {isa = PBXFileReference; lastKnownFileType = file.storyboard; name = Base; path = Base.lproj/LaunchScreen.storyboard; sourceTree = "<group>"; };
		A3B2333C1BC131C700D8B50F /* Info.plist */ = {isa = PBXFileReference; lastKnownFileType = text.plist.xml; path = Info.plist; sourceTree = "<group>"; };
		A3B233421BC139E400D8B50F /* DataInputVC.h */ = {isa = PBXFileReference; fileEncoding = 4; lastKnownFileType = sourcecode.c.h; path = DataInputVC.h; sourceTree = "<group>"; };
		A3B233431BC139E400D8B50F /* DataInputVC.m */ = {isa = PBXFileReference; fileEncoding = 4; lastKnownFileType = sourcecode.c.objc; path = DataInputVC.m; sourceTree = "<group>"; };
		A3B233451BC1421500D8B50F /* Event+CoreDataProperties.h */ = {isa = PBXFileReference; fileEncoding = 4; lastKnownFileType = sourcecode.c.h; name = "Event+CoreDataProperties.h"; path = "coredata/Event+CoreDataProperties.h"; sourceTree = "<group>"; };
		A3B233461BC1421500D8B50F /* Event+CoreDataProperties.m */ = {isa = PBXFileReference; fileEncoding = 4; lastKnownFileType = sourcecode.c.objc; name = "Event+CoreDataProperties.m"; path = "coredata/Event+CoreDataProperties.m"; sourceTree = "<group>"; };
		A3B233471BC1421500D8B50F /* Event.h */ = {isa = PBXFileReference; fileEncoding = 4; lastKnownFileType = sourcecode.c.h; name = Event.h; path = coredata/Event.h; sourceTree = "<group>"; };
		A3B233481BC1421500D8B50F /* Event.m */ = {isa = PBXFileReference; fileEncoding = 4; lastKnownFileType = sourcecode.c.objc; name = Event.m; path = coredata/Event.m; sourceTree = "<group>"; };
		A3B233821BC1966200D8B50F /* CoreDataAccess.h */ = {isa = PBXFileReference; fileEncoding = 4; lastKnownFileType = sourcecode.c.h; name = CoreDataAccess.h; path = ../BanciBanjir/CoreDataAccess.h; sourceTree = "<group>"; };
		A3B233831BC1966200D8B50F /* CoreDataAccess.m */ = {isa = PBXFileReference; fileEncoding = 4; lastKnownFileType = sourcecode.c.objc; name = CoreDataAccess.m; path = ../BanciBanjir/CoreDataAccess.m; sourceTree = "<group>"; };
		A3B2338A1BC1968A00D8B50F /* BanciKit.framework */ = {isa = PBXFileReference; explicitFileType = wrapper.framework; includeInIndex = 0; path = BanciKit.framework; sourceTree = BUILT_PRODUCTS_DIR; };
		A3B2338C1BC1968A00D8B50F /* BanciKit.h */ = {isa = PBXFileReference; lastKnownFileType = sourcecode.c.h; path = BanciKit.h; sourceTree = "<group>"; };
		A3B2338E1BC1968A00D8B50F /* Info.plist */ = {isa = PBXFileReference; lastKnownFileType = text.plist.xml; path = Info.plist; sourceTree = "<group>"; };
		A3B233991BC19F2600D8B50F /* HTML */ = {isa = PBXFileReference; lastKnownFileType = folder; path = HTML; sourceTree = "<group>"; };
/* End PBXFileReference section */

/* Begin PBXFrameworksBuildPhase section */
		A3B2331F1BC131C700D8B50F /* Frameworks */ = {
			isa = PBXFrameworksBuildPhase;
			buildActionMask = 2147483647;
			files = (
				A3B233911BC1968A00D8B50F /* BanciKit.framework in Frameworks */,
			);
			runOnlyForDeploymentPostprocessing = 0;
		};
		A3B233861BC1968A00D8B50F /* Frameworks */ = {
			isa = PBXFrameworksBuildPhase;
			buildActionMask = 2147483647;
			files = (
			);
			runOnlyForDeploymentPostprocessing = 0;
		};
/* End PBXFrameworksBuildPhase section */

/* Begin PBXGroup section */
		A3B233191BC131C700D8B50F = {
			isa = PBXGroup;
			children = (
				A3B233991BC19F2600D8B50F /* HTML */,
				A3B233241BC131C700D8B50F /* BanciBanjir */,
				A3B2338B1BC1968A00D8B50F /* BanciKit */,
				A3B233231BC131C700D8B50F /* Products */,
			);
			sourceTree = "<group>";
		};
		A3B233231BC131C700D8B50F /* Products */ = {
			isa = PBXGroup;
			children = (
				A3B233221BC131C700D8B50F /* BanciBanjir.app */,
				A3B2338A1BC1968A00D8B50F /* BanciKit.framework */,
			);
			name = Products;
			sourceTree = "<group>";
		};
		A3B233241BC131C700D8B50F /* BanciBanjir */ = {
			isa = PBXGroup;
			children = (
				A3900DF31BC1EC7C00B917AD /* ImageSaver.h */,
				A3900DF41BC1EC7C00B917AD /* ImageSaver.m */,
				A3B233281BC131C700D8B50F /* AppDelegate.h */,
				A3B233291BC131C700D8B50F /* AppDelegate.m */,
				A3B2332E1BC131C700D8B50F /* MasterViewController.h */,
				A3B2332F1BC131C700D8B50F /* MasterViewController.m */,
				A3B233311BC131C700D8B50F /* DetailViewController.h */,
				A3B233321BC131C700D8B50F /* DetailViewController.m */,
				A3B233341BC131C700D8B50F /* Main.storyboard */,
				A3B233421BC139E400D8B50F /* DataInputVC.h */,
				A3B233431BC139E400D8B50F /* DataInputVC.m */,
				A3B233371BC131C700D8B50F /* Assets.xcassets */,
				A3B233391BC131C700D8B50F /* LaunchScreen.storyboard */,
				A3B2333C1BC131C700D8B50F /* Info.plist */,
				A3900DF11BC1C2CD00B917AD /* fetch.js */,
				A3B2332B1BC131C700D8B50F /* BanciBanjir.xcdatamodeld */,
				A3B2334B1BC1422000D8B50F /* coredata */,
				A3B233251BC131C700D8B50F /* Supporting Files */,
			);
			path = BanciBanjir;
			sourceTree = "<group>";
		};
		A3B233251BC131C700D8B50F /* Supporting Files */ = {
			isa = PBXGroup;
			children = (
				A3B233261BC131C700D8B50F /* main.m */,
			);
			name = "Supporting Files";
			sourceTree = "<group>";
		};
		A3B2334B1BC1422000D8B50F /* coredata */ = {
			isa = PBXGroup;
			children = (
				A3B233451BC1421500D8B50F /* Event+CoreDataProperties.h */,
				A3B233461BC1421500D8B50F /* Event+CoreDataProperties.m */,
				A3B233471BC1421500D8B50F /* Event.h */,
				A3B233481BC1421500D8B50F /* Event.m */,
			);
			name = coredata;
			sourceTree = "<group>";
		};
		A3B2338B1BC1968A00D8B50F /* BanciKit */ = {
			isa = PBXGroup;
			children = (
				A3B2338C1BC1968A00D8B50F /* BanciKit.h */,
				A3B2338E1BC1968A00D8B50F /* Info.plist */,
				A3B233821BC1966200D8B50F /* CoreDataAccess.h */,
				A3B233831BC1966200D8B50F /* CoreDataAccess.m */,
			);
			path = BanciKit;
			sourceTree = "<group>";
		};
/* End PBXGroup section */

/* Begin PBXHeadersBuildPhase section */
		A3B233871BC1968A00D8B50F /* Headers */ = {
			isa = PBXHeadersBuildPhase;
			buildActionMask = 2147483647;
			files = (
				A3B2338D1BC1968A00D8B50F /* BanciKit.h in Headers */,
				A3B233961BC196A000D8B50F /* CoreDataAccess.h in Headers */,
			);
			runOnlyForDeploymentPostprocessing = 0;
		};
/* End PBXHeadersBuildPhase section */

/* Begin PBXNativeTarget section */
		A3B233211BC131C700D8B50F /* BanciBanjir */ = {
			isa = PBXNativeTarget;
			buildConfigurationList = A3B2333F1BC131C700D8B50F /* Build configuration list for PBXNativeTarget "BanciBanjir" */;
			buildPhases = (
				A3B2331E1BC131C700D8B50F /* Sources */,
				A3B2331F1BC131C700D8B50F /* Frameworks */,
				A3B233201BC131C700D8B50F /* Resources */,
				A3B2337D1BC1936E00D8B50F /* Embed Frameworks */,
			);
			buildRules = (
			);
			dependencies = (
				A3B233901BC1968A00D8B50F /* PBXTargetDependency */,
			);
			name = BanciBanjir;
			productName = BanciBanjir;
			productReference = A3B233221BC131C700D8B50F /* BanciBanjir.app */;
			productType = "com.apple.product-type.application";
		};
		A3B233891BC1968A00D8B50F /* BanciKit */ = {
			isa = PBXNativeTarget;
			buildConfigurationList = A3B233931BC1968A00D8B50F /* Build configuration list for PBXNativeTarget "BanciKit" */;
			buildPhases = (
				A3B233851BC1968A00D8B50F /* Sources */,
				A3B233861BC1968A00D8B50F /* Frameworks */,
				A3B233871BC1968A00D8B50F /* Headers */,
				A3B233881BC1968A00D8B50F /* Resources */,
			);
			buildRules = (
			);
			dependencies = (
			);
			name = BanciKit;
			productName = BanciKit;
			productReference = A3B2338A1BC1968A00D8B50F /* BanciKit.framework */;
			productType = "com.apple.product-type.framework";
		};
/* End PBXNativeTarget section */

/* Begin PBXProject section */
		A3B2331A1BC131C700D8B50F /* Project object */ = {
			isa = PBXProject;
			attributes = {
				LastUpgradeCheck = 0700;
				ORGANIZATIONNAME = "iReka Soft";
				TargetAttributes = {
					A3B233211BC131C700D8B50F = {
						CreatedOnToolsVersion = 7.0;
					};
					A3B233891BC1968A00D8B50F = {
						CreatedOnToolsVersion = 7.0;
					};
				};
			};
			buildConfigurationList = A3B2331D1BC131C700D8B50F /* Build configuration list for PBXProject "BanciBanjir" */;
			compatibilityVersion = "Xcode 3.2";
			developmentRegion = English;
			hasScannedForEncodings = 0;
			knownRegions = (
				en,
				Base,
			);
			mainGroup = A3B233191BC131C700D8B50F;
			productRefGroup = A3B233231BC131C700D8B50F /* Products */;
			projectDirPath = "";
			projectRoot = "";
			targets = (
				A3B233211BC131C700D8B50F /* BanciBanjir */,
				A3B233891BC1968A00D8B50F /* BanciKit */,
			);
		};
/* End PBXProject section */

/* Begin PBXResourcesBuildPhase section */
		A3B233201BC131C700D8B50F /* Resources */ = {
			isa = PBXResourcesBuildPhase;
			buildActionMask = 2147483647;
			files = (
				A3B2333B1BC131C700D8B50F /* LaunchScreen.storyboard in Resources */,
				A3B2339A1BC19F2600D8B50F /* HTML in Resources */,
				A3B233381BC131C700D8B50F /* Assets.xcassets in Resources */,
				A3B233361BC131C700D8B50F /* Main.storyboard in Resources */,
				A3900DF21BC1C2CD00B917AD /* fetch.js in Resources */,
			);
			runOnlyForDeploymentPostprocessing = 0;
		};
		A3B233881BC1968A00D8B50F /* Resources */ = {
			isa = PBXResourcesBuildPhase;
			buildActionMask = 2147483647;
			files = (
			);
			runOnlyForDeploymentPostprocessing = 0;
		};
/* End PBXResourcesBuildPhase section */

/* Begin PBXSourcesBuildPhase section */
		A3B2331E1BC131C700D8B50F /* Sources */ = {
			isa = PBXSourcesBuildPhase;
			buildActionMask = 2147483647;
			files = (
				A3B233441BC139E400D8B50F /* DataInputVC.m in Sources */,
				A3B233331BC131C700D8B50F /* DetailViewController.m in Sources */,
				A3B233301BC131C700D8B50F /* MasterViewController.m in Sources */,
				A3900DF51BC1EC7C00B917AD /* ImageSaver.m in Sources */,
				A3B233491BC1421500D8B50F /* Event+CoreDataProperties.m in Sources */,
				A3B2334A1BC1421500D8B50F /* Event.m in Sources */,
				A3B2332D1BC131C700D8B50F /* BanciBanjir.xcdatamodeld in Sources */,
				A3B233841BC1966200D8B50F /* CoreDataAccess.m in Sources */,
				A3B2332A1BC131C700D8B50F /* AppDelegate.m in Sources */,
				A3B233271BC131C700D8B50F /* main.m in Sources */,
			);
			runOnlyForDeploymentPostprocessing = 0;
		};
		A3B233851BC1968A00D8B50F /* Sources */ = {
			isa = PBXSourcesBuildPhase;
			buildActionMask = 2147483647;
			files = (
			);
			runOnlyForDeploymentPostprocessing = 0;
		};
/* End PBXSourcesBuildPhase section */

/* Begin PBXTargetDependency section */
		A3B233901BC1968A00D8B50F /* PBXTargetDependency */ = {
			isa = PBXTargetDependency;
			target = A3B233891BC1968A00D8B50F /* BanciKit */;
			targetProxy = A3B2338F1BC1968A00D8B50F /* PBXContainerItemProxy */;
		};
/* End PBXTargetDependency section */

/* Begin PBXVariantGroup section */
		A3B233341BC131C700D8B50F /* Main.storyboard */ = {
			isa = PBXVariantGroup;
			children = (
				A3B233351BC131C700D8B50F /* Base */,
			);
			name = Main.storyboard;
			sourceTree = "<group>";
		};
		A3B233391BC131C700D8B50F /* LaunchScreen.storyboard */ = {
			isa = PBXVariantGroup;
			children = (
				A3B2333A1BC131C700D8B50F /* Base */,
			);
			name = LaunchScreen.storyboard;
			sourceTree = "<group>";
		};
/* End PBXVariantGroup section */

/* Begin XCBuildConfiguration section */
		A3B2333D1BC131C700D8B50F /* Debug */ = {
			isa = XCBuildConfiguration;
			buildSettings = {
				ALWAYS_SEARCH_USER_PATHS = NO;
				CLANG_CXX_LANGUAGE_STANDARD = "gnu++0x";
				CLANG_CXX_LIBRARY = "libc++";
				CLANG_ENABLE_MODULES = YES;
				CLANG_ENABLE_OBJC_ARC = YES;
				CLANG_WARN_BOOL_CONVERSION = YES;
				CLANG_WARN_CONSTANT_CONVERSION = YES;
				CLANG_WARN_DIRECT_OBJC_ISA_USAGE = YES_ERROR;
				CLANG_WARN_EMPTY_BODY = YES;
				CLANG_WARN_ENUM_CONVERSION = YES;
				CLANG_WARN_INT_CONVERSION = YES;
				CLANG_WARN_OBJC_ROOT_CLASS = YES_ERROR;
				CLANG_WARN_UNREACHABLE_CODE = YES;
				CLANG_WARN__DUPLICATE_METHOD_MATCH = YES;
				"CODE_SIGN_IDENTITY[sdk=iphoneos*]" = "iPhone Developer";
				COPY_PHASE_STRIP = NO;
				DEBUG_INFORMATION_FORMAT = dwarf;
				ENABLE_STRICT_OBJC_MSGSEND = YES;
				ENABLE_TESTABILITY = YES;
				GCC_C_LANGUAGE_STANDARD = gnu99;
				GCC_DYNAMIC_NO_PIC = NO;
				GCC_NO_COMMON_BLOCKS = YES;
				GCC_OPTIMIZATION_LEVEL = 0;
				GCC_PREPROCESSOR_DEFINITIONS = (
					"DEBUG=1",
					"$(inherited)",
				);
				GCC_WARN_64_TO_32_BIT_CONVERSION = YES;
				GCC_WARN_ABOUT_RETURN_TYPE = YES_ERROR;
				GCC_WARN_UNDECLARED_SELECTOR = YES;
				GCC_WARN_UNINITIALIZED_AUTOS = YES_AGGRESSIVE;
				GCC_WARN_UNUSED_FUNCTION = YES;
				GCC_WARN_UNUSED_VARIABLE = YES;
				IPHONEOS_DEPLOYMENT_TARGET = 9.0;
				MTL_ENABLE_DEBUG_INFO = YES;
				ONLY_ACTIVE_ARCH = YES;
				SDKROOT = iphoneos;
				TARGETED_DEVICE_FAMILY = "1,2";
			};
			name = Debug;
		};
		A3B2333E1BC131C700D8B50F /* Release */ = {
			isa = XCBuildConfiguration;
			buildSettings = {
				ALWAYS_SEARCH_USER_PATHS = NO;
				CLANG_CXX_LANGUAGE_STANDARD = "gnu++0x";
				CLANG_CXX_LIBRARY = "libc++";
				CLANG_ENABLE_MODULES = YES;
				CLANG_ENABLE_OBJC_ARC = YES;
				CLANG_WARN_BOOL_CONVERSION = YES;
				CLANG_WARN_CONSTANT_CONVERSION = YES;
				CLANG_WARN_DIRECT_OBJC_ISA_USAGE = YES_ERROR;
				CLANG_WARN_EMPTY_BODY = YES;
				CLANG_WARN_ENUM_CONVERSION = YES;
				CLANG_WARN_INT_CONVERSION = YES;
				CLANG_WARN_OBJC_ROOT_CLASS = YES_ERROR;
				CLANG_WARN_UNREACHABLE_CODE = YES;
				CLANG_WARN__DUPLICATE_METHOD_MATCH = YES;
				"CODE_SIGN_IDENTITY[sdk=iphoneos*]" = "iPhone Developer";
				COPY_PHASE_STRIP = NO;
				DEBUG_INFORMATION_FORMAT = "dwarf-with-dsym";
				ENABLE_NS_ASSERTIONS = NO;
				ENABLE_STRICT_OBJC_MSGSEND = YES;
				GCC_C_LANGUAGE_STANDARD = gnu99;
				GCC_NO_COMMON_BLOCKS = YES;
				GCC_WARN_64_TO_32_BIT_CONVERSION = YES;
				GCC_WARN_ABOUT_RETURN_TYPE = YES_ERROR;
				GCC_WARN_UNDECLARED_SELECTOR = YES;
				GCC_WARN_UNINITIALIZED_AUTOS = YES_AGGRESSIVE;
				GCC_WARN_UNUSED_FUNCTION = YES;
				GCC_WARN_UNUSED_VARIABLE = YES;
				IPHONEOS_DEPLOYMENT_TARGET = 9.0;
				MTL_ENABLE_DEBUG_INFO = NO;
				SDKROOT = iphoneos;
				TARGETED_DEVICE_FAMILY = "1,2";
				VALIDATE_PRODUCT = YES;
			};
			name = Release;
		};
		A3B233401BC131C700D8B50F /* Debug */ = {
			isa = XCBuildConfiguration;
			buildSettings = {
				ASSETCATALOG_COMPILER_APPICON_NAME = AppIcon;
				INFOPLIST_FILE = BanciBanjir/Info.plist;
				IPHONEOS_DEPLOYMENT_TARGET = 9.0;
				LD_RUNPATH_SEARCH_PATHS = "$(inherited) @executable_path/Frameworks";
				PRODUCT_BUNDLE_IDENTIFIER = com.irekasoft.BanciBanjir;
				PRODUCT_NAME = "$(TARGET_NAME)";
			};
			name = Debug;
		};
		A3B233411BC131C700D8B50F /* Release */ = {
			isa = XCBuildConfiguration;
			buildSettings = {
				ASSETCATALOG_COMPILER_APPICON_NAME = AppIcon;
				INFOPLIST_FILE = BanciBanjir/Info.plist;
				IPHONEOS_DEPLOYMENT_TARGET = 9.0;
				LD_RUNPATH_SEARCH_PATHS = "$(inherited) @executable_path/Frameworks";
				PRODUCT_BUNDLE_IDENTIFIER = com.irekasoft.BanciBanjir;
				PRODUCT_NAME = "$(TARGET_NAME)";
			};
			name = Release;
		};
		A3B233941BC1968A00D8B50F /* Debug */ = {
			isa = XCBuildConfiguration;
			buildSettings = {
				CURRENT_PROJECT_VERSION = 1;
				DEFINES_MODULE = YES;
				DYLIB_COMPATIBILITY_VERSION = 1;
				DYLIB_CURRENT_VERSION = 1;
				DYLIB_INSTALL_NAME_BASE = "@rpath";
				INFOPLIST_FILE = BanciKit/Info.plist;
				INSTALL_PATH = "$(LOCAL_LIBRARY_DIR)/Frameworks";
				LD_RUNPATH_SEARCH_PATHS = "$(inherited) @executable_path/Frameworks @loader_path/Frameworks";
				PRODUCT_BUNDLE_IDENTIFIER = com.irekasoft.BanciKit;
				PRODUCT_NAME = "$(TARGET_NAME)";
				SKIP_INSTALL = YES;
				VERSIONING_SYSTEM = "apple-generic";
				VERSION_INFO_PREFIX = "";
			};
			name = Debug;
		};
		A3B233951BC1968A00D8B50F /* Release */ = {
			isa = XCBuildConfiguration;
			buildSettings = {
				CURRENT_PROJECT_VERSION = 1;
				DEFINES_MODULE = YES;
				DYLIB_COMPATIBILITY_VERSION = 1;
				DYLIB_CURRENT_VERSION = 1;
				DYLIB_INSTALL_NAME_BASE = "@rpath";
				INFOPLIST_FILE = BanciKit/Info.plist;
				INSTALL_PATH = "$(LOCAL_LIBRARY_DIR)/Frameworks";
				LD_RUNPATH_SEARCH_PATHS = "$(inherited) @executable_path/Frameworks @loader_path/Frameworks";
				PRODUCT_BUNDLE_IDENTIFIER = com.irekasoft.BanciKit;
				PRODUCT_NAME = "$(TARGET_NAME)";
				SKIP_INSTALL = YES;
				VERSIONING_SYSTEM = "apple-generic";
				VERSION_INFO_PREFIX = "";
			};
			name = Release;
		};
/* End XCBuildConfiguration section */

/* Begin XCConfigurationList section */
		A3B2331D1BC131C700D8B50F /* Build configuration list for PBXProject "BanciBanjir" */ = {
			isa = XCConfigurationList;
			buildConfigurations = (
				A3B2333D1BC131C700D8B50F /* Debug */,
				A3B2333E1BC131C700D8B50F /* Release */,
			);
			defaultConfigurationIsVisible = 0;
			defaultConfigurationName = Release;
		};
		A3B2333F1BC131C700D8B50F /* Build configuration list for PBXNativeTarget "BanciBanjir" */ = {
			isa = XCConfigurationList;
			buildConfigurations = (
				A3B233401BC131C700D8B50F /* Debug */,
				A3B233411BC131C700D8B50F /* Release */,
			);
			defaultConfigurationIsVisible = 0;
			defaultConfigurationName = Release;
		};
		A3B233931BC1968A00D8B50F /* Build configuration list for PBXNativeTarget "BanciKit" */ = {
			isa = XCConfigurationList;
			buildConfigurations = (
				A3B233941BC1968A00D8B50F /* Debug */,
				A3B233951BC1968A00D8B50F /* Release */,
			);
			defaultConfigurationIsVisible = 0;
			defaultConfigurationName = Release;
		};
/* End XCConfigurationList section */

/* Begin XCVersionGroup section */
		A3B2332B1BC131C700D8B50F /* BanciBanjir.xcdatamodeld */ = {
			isa = XCVersionGroup;
			children = (
				A3B2332C1BC131C700D8B50F /* BanciBanjir.xcdatamodel */,
			);
			currentVersion = A3B2332C1BC131C700D8B50F /* BanciBanjir.xcdatamodel */;
			path = BanciBanjir.xcdatamodeld;
			sourceTree = "<group>";
			versionGroupType = wrapper.xcdatamodel;
		};
/* End XCVersionGroup section */
	};
	rootObject = A3B2331A1BC131C700D8B50F /* Project object */;
}
